<Solution>
  <Folder Name="/Itens de Solução/">
    <File Path="AGENTS.md" />
    <File Path="docker-compose.yml" />
  </Folder>
  <Folder Name="/src/" />
  <Folder Name="/src/Backend/">
    <Project Path="src/Backend/PeopeBank.Api/PeopeBank.Api.csproj" />
    <Project Path="src/Backend/PeopleBank.Application/PeopleBank.Application.csproj" Id="5e8a0c2e-e2f0-4dbf-b476-ae2c120fb70d" />
    <Project Path="src/Backend/PeopleBank.Domain/PeopleBank.Domain.csproj" Id="04d1fb0e-7322-4a6c-9454-0c7ed9b0684d" />
    <Project Path="src/Backend/PeopleBank.Infrastructure/PeopleBank.Infrastructure.csproj" Id="da7d5824-167b-4d5b-81ec-c6909ce2094f" />
    <Project Path="src/Backend/PeopleBank.Worker/PeopleBank.Worker.csproj" Id="a31cb4f3-0246-4426-86c1-20c1cafa91eb" />
  </Folder>
  <Folder Name="/src/Shared/">
    <Project Path="src/Shared/PeopleBank.Communication/PeopleBank.Communication.csproj" Id="0a4d667a-2e8b-4d0c-a08d-6b82878cfffc" />
    <Project Path="src/Shared/PeopleBank.Exception/PeopleBank.Exception.csproj" Id="abb0f9f1-db28-4395-8bec-cf02d3215ed1" />
  </Folder>
  <Folder Name="/tests/">
    <Project Path="tests/CommonTestUtilities/CommonTestUtilities.csproj" Id="f09c444b-2a20-42f7-a283-e6ef526efee0" />
    <Project Path="tests/UseCase.Tests/UseCase.Tests.csproj" Id="bc260385-4ab7-43cc-9d66-554d8c4e0f12" />
    <Project Path="tests/Validator.Tests/Validator.Tests.csproj" Id="fe03c857-90f9-4983-a1c3-dfcbbadeb37a" />
    <Project Path="tests/WebApi.Tests/WebApi.Tests.csproj" Id="777a0b67-b564-4b09-9557-f796811b4434" />
  </Folder>
</Solution>
